
Microsoft Visual Studio Solution File, Format Version 12.00
# Visual Studio Version 17
VisualStudioVersion = 17.10.35122.118
MinimumVisualStudioVersion = 10.0.40219.1
Project("{9A19103F-16F7-4668-BE54-9A1E7A4F7556}") = "ConsoleUI", "ConsoleUI\ConsoleUI.csproj", "{0B144CA0-AD24-45D6-A85B-36D981933DAF}"
EndProject
Project("{9A19103F-16F7-4668-BE54-9A1E7A4F7556}") = "DictionaryLibrary", "DictionaryLibrary\DictionaryLibrary.csproj", "{28762435-496E-4E6E-9900-798631EC2E2E}"
EndProject
Project("{FAE04EC0-301F-11D3-BF4B-00C04F79EFBC}") = "WpfUI", "WpfUI\WpfUI.csproj", "{99DDB430-5F34-4826-B4EA-14243067A4CD}"
EndProject
Global
	GlobalSection(SolutionConfigurationPlatforms) = preSolution
		Debug|Any CPU = Debug|Any CPU
		Release|Any CPU = Release|Any CPU
	EndGlobalSection
	GlobalSection(ProjectConfigurationPlatforms) = postSolution
		{0B144CA0-AD24-45D6-A85B-36D981933DAF}.Debug|Any CPU.ActiveCfg = Debug|Any CPU
		{0B144CA0-AD24-45D6-A85B-36D981933DAF}.Debug|Any CPU.Build.0 = Debug|Any CPU
		{0B144CA0-AD24-45D6-A85B-36D981933DAF}.Release|Any CPU.ActiveCfg = Release|Any CPU
		{0B144CA0-AD24-45D6-A85B-36D981933DAF}.Release|Any CPU.Build.0 = Release|Any CPU
		{28762435-496E-4E6E-9900-798631EC2E2E}.Debug|Any CPU.ActiveCfg = Debug|Any CPU
		{28762435-496E-4E6E-9900-798631EC2E2E}.Debug|Any CPU.Build.0 = Debug|Any CPU
		{28762435-496E-4E6E-9900-798631EC2E2E}.Release|Any CPU.ActiveCfg = Release|Any CPU
		{28762435-496E-4E6E-9900-798631EC2E2E}.Release|Any CPU.Build.0 = Release|Any CPU
		{99DDB430-5F34-4826-B4EA-14243067A4CD}.Debug|Any CPU.ActiveCfg = Debug|Any CPU
		{99DDB430-5F34-4826-B4EA-14243067A4CD}.Debug|Any CPU.Build.0 = Debug|Any CPU
		{99DDB430-5F34-4826-B4EA-14243067A4CD}.Release|Any CPU.ActiveCfg = Release|Any CPU
		{99DDB430-5F34-4826-B4EA-14243067A4CD}.Release|Any CPU.Build.0 = Release|Any CPU
	EndGlobalSection
	GlobalSection(SolutionProperties) = preSolution
		HideSolutionNode = FALSE
	EndGlobalSection
	GlobalSection(ExtensibilityGlobals) = postSolution
		SolutionGuid = {57B7981F-F47B-43CB-9C6B-FAD3F0DCC3CB}
	EndGlobalSection
EndGlobal
